
Microsoft Visual Studio Solution File, Format Version 12.00
# Visual Studio 14
VisualStudioVersion = 14.0.25420.1
MinimumVisualStudioVersion = 10.0.40219.1
Project("{FAE04EC0-301F-11D3-BF4B-00C04F79EFBC}") = "BehaviorSample", "BehaviorSample\BehaviorSample\BehaviorSample.csproj", "{3DD8E8D4-9FCF-45EA-B120-DB06A4EB6B4F}"
EndProject
Project("{FAE04EC0-301F-11D3-BF4B-00C04F79EFBC}") = "BehaviorSample.Droid", "BehaviorSample\BehaviorSample.Droid\BehaviorSample.Droid.csproj", "{B442CCD1-BB50-4FA3-B383-444E18C0AC34}"
EndProject
Project("{FAE04EC0-301F-11D3-BF4B-00C04F79EFBC}") = "BehaviorSample.iOS", "BehaviorSample\BehaviorSample.iOS\BehaviorSample.iOS.csproj", "{6E4A24E7-AFE9-46F9-88CC-F5B0E18914C5}"
EndProject
Project("{FAE04EC0-301F-11D3-BF4B-00C04F79EFBC}") = "BehaviorSample.UWP", "BehaviorSample\BehaviorSample.UWP\BehaviorSample.UWP.csproj", "{6666A1AE-1618-4F19-AC34-697F9450F8B5}"
EndProject
Global
	GlobalSection(SolutionConfigurationPlatforms) = preSolution
		Ad-Hoc|Any CPU = Ad-Hoc|Any CPU
		Ad-Hoc|ARM = Ad-Hoc|ARM
		Ad-Hoc|iPhone = Ad-Hoc|iPhone
		Ad-Hoc|iPhoneSimulator = Ad-Hoc|iPhoneSimulator
		Ad-Hoc|x64 = Ad-Hoc|x64
		Ad-Hoc|x86 = Ad-Hoc|x86
		AppStore|Any CPU = AppStore|Any CPU
		AppStore|ARM = AppStore|ARM
		AppStore|iPhone = AppStore|iPhone
		AppStore|iPhoneSimulator = AppStore|iPhoneSimulator
		AppStore|x64 = AppStore|x64
		AppStore|x86 = AppStore|x86
		Debug|Any CPU = Debug|Any CPU
		Debug|ARM = Debug|ARM
		Debug|iPhone = Debug|iPhone
		Debug|iPhoneSimulator = Debug|iPhoneSimulator
		Debug|x64 = Debug|x64
		Debug|x86 = Debug|x86
		Release|Any CPU = Release|Any CPU
		Release|ARM = Release|ARM
		Release|iPhone = Release|iPhone
		Release|iPhoneSimulator = Release|iPhoneSimulator
		Release|x64 = Release|x64
		Release|x86 = Release|x86
	EndGlobalSection
	GlobalSection(ProjectConfigurationPlatforms) = postSolution
		{3DD8E8D4-9FCF-45EA-B120-DB06A4EB6B4F}.Ad-Hoc|Any CPU.ActiveCfg = Release|Any CPU
		{3DD8E8D4-9FCF-45EA-B120-DB06A4EB6B4F}.Ad-Hoc|Any CPU.Build.0 = Release|Any CPU
		{3DD8E8D4-9FCF-45EA-B120-DB06A4EB6B4F}.Ad-Hoc|ARM.ActiveCfg = Release|Any CPU
		{3DD8E8D4-9FCF-45EA-B120-DB06A4EB6B4F}.Ad-Hoc|ARM.Build.0 = Release|Any CPU
		{3DD8E8D4-9FCF-45EA-B120-DB06A4EB6B4F}.Ad-Hoc|iPhone.ActiveCfg = Release|Any CPU
		{3DD8E8D4-9FCF-45EA-B120-DB06A4EB6B4F}.Ad-Hoc|iPhone.Build.0 = Release|Any CPU
		{3DD8E8D4-9FCF-45EA-B120-DB06A4EB6B4F}.Ad-Hoc|iPhoneSimulator.ActiveCfg = Release|Any CPU
		{3DD8E8D4-9FCF-45EA-B120-DB06A4EB6B4F}.Ad-Hoc|iPhoneSimulator.Build.0 = Release|Any CPU
		{3DD8E8D4-9FCF-45EA-B120-DB06A4EB6B4F}.Ad-Hoc|x64.ActiveCfg = Release|Any CPU
		{3DD8E8D4-9FCF-45EA-B120-DB06A4EB6B4F}.Ad-Hoc|x64.Build.0 = Release|Any CPU
		{3DD8E8D4-9FCF-45EA-B120-DB06A4EB6B4F}.Ad-Hoc|x86.ActiveCfg = Release|Any CPU
		{3DD8E8D4-9FCF-45EA-B120-DB06A4EB6B4F}.Ad-Hoc|x86.Build.0 = Release|Any CPU
		{3DD8E8D4-9FCF-45EA-B120-DB06A4EB6B4F}.AppStore|Any CPU.ActiveCfg = Release|Any CPU
		{3DD8E8D4-9FCF-45EA-B120-DB06A4EB6B4F}.AppStore|Any CPU.Build.0 = Release|Any CPU
		{3DD8E8D4-9FCF-45EA-B120-DB06A4EB6B4F}.AppStore|ARM.ActiveCfg = Release|Any CPU
		{3DD8E8D4-9FCF-45EA-B120-DB06A4EB6B4F}.AppStore|ARM.Build.0 = Release|Any CPU
		{3DD8E8D4-9FCF-45EA-B120-DB06A4EB6B4F}.AppStore|iPhone.ActiveCfg = Release|Any CPU
		{3DD8E8D4-9FCF-45EA-B120-DB06A4EB6B4F}.AppStore|iPhone.Build.0 = Release|Any CPU
		{3DD8E8D4-9FCF-45EA-B120-DB06A4EB6B4F}.AppStore|iPhoneSimulator.ActiveCfg = Release|Any CPU
		{3DD8E8D4-9FCF-45EA-B120-DB06A4EB6B4F}.AppStore|iPhoneSimulator.Build.0 = Release|Any CPU
		{3DD8E8D4-9FCF-45EA-B120-DB06A4EB6B4F}.AppStore|x64.ActiveCfg = Release|Any CPU
		{3DD8E8D4-9FCF-45EA-B120-DB06A4EB6B4F}.AppStore|x64.Build.0 = Release|Any CPU
		{3DD8E8D4-9FCF-45EA-B120-DB06A4EB6B4F}.AppStore|x86.ActiveCfg = Release|Any CPU
		{3DD8E8D4-9FCF-45EA-B120-DB06A4EB6B4F}.AppStore|x86.Build.0 = Release|Any CPU
		{3DD8E8D4-9FCF-45EA-B120-DB06A4EB6B4F}.Debug|Any CPU.ActiveCfg = Debug|Any CPU
		{3DD8E8D4-9FCF-45EA-B120-DB06A4EB6B4F}.Debug|Any CPU.Build.0 = Debug|Any CPU
		{3DD8E8D4-9FCF-45EA-B120-DB06A4EB6B4F}.Debug|ARM.ActiveCfg = Debug|Any CPU
		{3DD8E8D4-9FCF-45EA-B120-DB06A4EB6B4F}.Debug|ARM.Build.0 = Debug|Any CPU
		{3DD8E8D4-9FCF-45EA-B120-DB06A4EB6B4F}.Debug|iPhone.ActiveCfg = Debug|Any CPU
		{3DD8E8D4-9FCF-45EA-B120-DB06A4EB6B4F}.Debug|iPhone.Build.0 = Debug|Any CPU
		{3DD8E8D4-9FCF-45EA-B120-DB06A4EB6B4F}.Debug|iPhoneSimulator.ActiveCfg = Debug|Any CPU
		{3DD8E8D4-9FCF-45EA-B120-DB06A4EB6B4F}.Debug|iPhoneSimulator.Build.0 = Debug|Any CPU
		{3DD8E8D4-9FCF-45EA-B120-DB06A4EB6B4F}.Debug|x64.ActiveCfg = Debug|Any CPU
		{3DD8E8D4-9FCF-45EA-B120-DB06A4EB6B4F}.Debug|x64.Build.0 = Debug|Any CPU
		{3DD8E8D4-9FCF-45EA-B120-DB06A4EB6B4F}.Debug|x86.ActiveCfg = Debug|Any CPU
		{3DD8E8D4-9FCF-45EA-B120-DB06A4EB6B4F}.Debug|x86.Build.0 = Debug|Any CPU
		{3DD8E8D4-9FCF-45EA-B120-DB06A4EB6B4F}.Release|Any CPU.ActiveCfg = Release|Any CPU
		{3DD8E8D4-9FCF-45EA-B120-DB06A4EB6B4F}.Release|Any CPU.Build.0 = Release|Any CPU
		{3DD8E8D4-9FCF-45EA-B120-DB06A4EB6B4F}.Release|ARM.ActiveCfg = Release|Any CPU
		{3DD8E8D4-9FCF-45EA-B120-DB06A4EB6B4F}.Release|ARM.Build.0 = Release|Any CPU
		{3DD8E8D4-9FCF-45EA-B120-DB06A4EB6B4F}.Release|iPhone.ActiveCfg = Release|Any CPU
		{3DD8E8D4-9FCF-45EA-B120-DB06A4EB6B4F}.Release|iPhone.Build.0 = Release|Any CPU
		{3DD8E8D4-9FCF-45EA-B120-DB06A4EB6B4F}.Release|iPhoneSimulator.ActiveCfg = Release|Any CPU
		{3DD8E8D4-9FCF-45EA-B120-DB06A4EB6B4F}.Release|iPhoneSimulator.Build.0 = Release|Any CPU
		{3DD8E8D4-9FCF-45EA-B120-DB06A4EB6B4F}.Release|x64.ActiveCfg = Release|Any CPU
		{3DD8E8D4-9FCF-45EA-B120-DB06A4EB6B4F}.Release|x64.Build.0 = Release|Any CPU
		{3DD8E8D4-9FCF-45EA-B120-DB06A4EB6B4F}.Release|x86.ActiveCfg = Release|Any CPU
		{3DD8E8D4-9FCF-45EA-B120-DB06A4EB6B4F}.Release|x86.Build.0 = Release|Any CPU
		{B442CCD1-BB50-4FA3-B383-444E18C0AC34}.Ad-Hoc|Any CPU.ActiveCfg = Release|Any CPU
		{B442CCD1-BB50-4FA3-B383-444E18C0AC34}.Ad-Hoc|Any CPU.Build.0 = Release|Any CPU
		{B442CCD1-BB50-4FA3-B383-444E18C0AC34}.Ad-Hoc|Any CPU.Deploy.0 = Release|Any CPU
		{B442CCD1-BB50-4FA3-B383-444E18C0AC34}.Ad-Hoc|ARM.ActiveCfg = Release|Any CPU
		{B442CCD1-BB50-4FA3-B383-444E18C0AC34}.Ad-Hoc|ARM.Build.0 = Release|Any CPU
		{B442CCD1-BB50-4FA3-B383-444E18C0AC34}.Ad-Hoc|ARM.Deploy.0 = Release|Any CPU
		{B442CCD1-BB50-4FA3-B383-444E18C0AC34}.Ad-Hoc|iPhone.ActiveCfg = Release|Any CPU
		{B442CCD1-BB50-4FA3-B383-444E18C0AC34}.Ad-Hoc|iPhone.Build.0 = Release|Any CPU
		{B442CCD1-BB50-4FA3-B383-444E18C0AC34}.Ad-Hoc|iPhone.Deploy.0 = Release|Any CPU
		{B442CCD1-BB50-4FA3-B383-444E18C0AC34}.Ad-Hoc|iPhoneSimulator.ActiveCfg = Release|Any CPU
		{B442CCD1-BB50-4FA3-B383-444E18C0AC34}.Ad-Hoc|iPhoneSimulator.Build.0 = Release|Any CPU
		{B442CCD1-BB50-4FA3-B383-444E18C0AC34}.Ad-Hoc|iPhoneSimulator.Deploy.0 = Release|Any CPU
		{B442CCD1-BB50-4FA3-B383-444E18C0AC34}.Ad-Hoc|x64.ActiveCfg = Release|Any CPU
		{B442CCD1-BB50-4FA3-B383-444E18C0AC34}.Ad-Hoc|x64.Build.0 = Release|Any CPU
		{B442CCD1-BB50-4FA3-B383-444E18C0AC34}.Ad-Hoc|x64.Deploy.0 = Release|Any CPU
		{B442CCD1-BB50-4FA3-B383-444E18C0AC34}.Ad-Hoc|x86.ActiveCfg = Release|Any CPU
		{B442CCD1-BB50-4FA3-B383-444E18C0AC34}.Ad-Hoc|x86.Build.0 = Release|Any CPU
		{B442CCD1-BB50-4FA3-B383-444E18C0AC34}.Ad-Hoc|x86.Deploy.0 = Release|Any CPU
		{B442CCD1-BB50-4FA3-B383-444E18C0AC34}.AppStore|Any CPU.ActiveCfg = Release|Any CPU
		{B442CCD1-BB50-4FA3-B383-444E18C0AC34}.AppStore|Any CPU.Build.0 = Release|Any CPU
		{B442CCD1-BB50-4FA3-B383-444E18C0AC34}.AppStore|Any CPU.Deploy.0 = Release|Any CPU
		{B442CCD1-BB50-4FA3-B383-444E18C0AC34}.AppStore|ARM.ActiveCfg = Release|Any CPU
		{B442CCD1-BB50-4FA3-B383-444E18C0AC34}.AppStore|ARM.Build.0 = Release|Any CPU
		{B442CCD1-BB50-4FA3-B383-444E18C0AC34}.AppStore|ARM.Deploy.0 = Release|Any CPU
		{B442CCD1-BB50-4FA3-B383-444E18C0AC34}.AppStore|iPhone.ActiveCfg = Release|Any CPU
		{B442CCD1-BB50-4FA3-B383-444E18C0AC34}.AppStore|iPhone.Build.0 = Release|Any CPU
		{B442CCD1-BB50-4FA3-B383-444E18C0AC34}.AppStore|iPhone.Deploy.0 = Release|Any CPU
		{B442CCD1-BB50-4FA3-B383-444E18C0AC34}.AppStore|iPhoneSimulator.ActiveCfg = Release|Any CPU
		{B442CCD1-BB50-4FA3-B383-444E18C0AC34}.AppStore|iPhoneSimulator.Build.0 = Release|Any CPU
		{B442CCD1-BB50-4FA3-B383-444E18C0AC34}.AppStore|iPhoneSimulator.Deploy.0 = Release|Any CPU
		{B442CCD1-BB50-4FA3-B383-444E18C0AC34}.AppStore|x64.ActiveCfg = Release|Any CPU
		{B442CCD1-BB50-4FA3-B383-444E18C0AC34}.AppStore|x64.Build.0 = Release|Any CPU
		{B442CCD1-BB50-4FA3-B383-444E18C0AC34}.AppStore|x64.Deploy.0 = Release|Any CPU
		{B442CCD1-BB50-4FA3-B383-444E18C0AC34}.AppStore|x86.ActiveCfg = Release|Any CPU
		{B442CCD1-BB50-4FA3-B383-444E18C0AC34}.AppStore|x86.Build.0 = Release|Any CPU
		{B442CCD1-BB50-4FA3-B383-444E18C0AC34}.AppStore|x86.Deploy.0 = Release|Any CPU
		{B442CCD1-BB50-4FA3-B383-444E18C0AC34}.Debug|Any CPU.ActiveCfg = Debug|Any CPU
		{B442CCD1-BB50-4FA3-B383-444E18C0AC34}.Debug|Any CPU.Build.0 = Debug|Any CPU
		{B442CCD1-BB50-4FA3-B383-444E18C0AC34}.Debug|Any CPU.Deploy.0 = Debug|Any CPU
		{B442CCD1-BB50-4FA3-B383-444E18C0AC34}.Debug|ARM.ActiveCfg = Debug|Any CPU
		{B442CCD1-BB50-4FA3-B383-444E18C0AC34}.Debug|ARM.Build.0 = Debug|Any CPU
		{B442CCD1-BB50-4FA3-B383-444E18C0AC34}.Debug|ARM.Deploy.0 = Debug|Any CPU
		{B442CCD1-BB50-4FA3-B383-444E18C0AC34}.Debug|iPhone.ActiveCfg = Debug|Any CPU
		{B442CCD1-BB50-4FA3-B383-444E18C0AC34}.Debug|iPhone.Build.0 = Debug|Any CPU
		{B442CCD1-BB50-4FA3-B383-444E18C0AC34}.Debug|iPhone.Deploy.0 = Debug|Any CPU
		{B442CCD1-BB50-4FA3-B383-444E18C0AC34}.Debug|iPhoneSimulator.ActiveCfg = Debug|Any CPU
		{B442CCD1-BB50-4FA3-B383-444E18C0AC34}.Debug|iPhoneSimulator.Build.0 = Debug|Any CPU
		{B442CCD1-BB50-4FA3-B383-444E18C0AC34}.Debug|iPhoneSimulator.Deploy.0 = Debug|Any CPU
		{B442CCD1-BB50-4FA3-B383-444E18C0AC34}.Debug|x64.ActiveCfg = Debug|Any CPU
		{B442CCD1-BB50-4FA3-B383-444E18C0AC34}.Debug|x64.Build.0 = Debug|Any CPU
		{B442CCD1-BB50-4FA3-B383-444E18C0AC34}.Debug|x64.Deploy.0 = Debug|Any CPU
		{B442CCD1-BB50-4FA3-B383-444E18C0AC34}.Debug|x86.ActiveCfg = Debug|Any CPU
		{B442CCD1-BB50-4FA3-B383-444E18C0AC34}.Debug|x86.Build.0 = Debug|Any CPU
		{B442CCD1-BB50-4FA3-B383-444E18C0AC34}.Debug|x86.Deploy.0 = Debug|Any CPU
		{B442CCD1-BB50-4FA3-B383-444E18C0AC34}.Release|Any CPU.ActiveCfg = Release|Any CPU
		{B442CCD1-BB50-4FA3-B383-444E18C0AC34}.Release|Any CPU.Build.0 = Release|Any CPU
		{B442CCD1-BB50-4FA3-B383-444E18C0AC34}.Release|Any CPU.Deploy.0 = Release|Any CPU
		{B442CCD1-BB50-4FA3-B383-444E18C0AC34}.Release|ARM.ActiveCfg = Release|Any CPU
		{B442CCD1-BB50-4FA3-B383-444E18C0AC34}.Release|ARM.Build.0 = Release|Any CPU
		{B442CCD1-BB50-4FA3-B383-444E18C0AC34}.Release|ARM.Deploy.0 = Release|Any CPU
		{B442CCD1-BB50-4FA3-B383-444E18C0AC34}.Release|iPhone.ActiveCfg = Release|Any CPU
		{B442CCD1-BB50-4FA3-B383-444E18C0AC34}.Release|iPhone.Build.0 = Release|Any CPU
		{B442CCD1-BB50-4FA3-B383-444E18C0AC34}.Release|iPhone.Deploy.0 = Release|Any CPU
		{B442CCD1-BB50-4FA3-B383-444E18C0AC34}.Release|iPhoneSimulator.ActiveCfg = Release|Any CPU
		{B442CCD1-BB50-4FA3-B383-444E18C0AC34}.Release|iPhoneSimulator.Build.0 = Release|Any CPU
		{B442CCD1-BB50-4FA3-B383-444E18C0AC34}.Release|iPhoneSimulator.Deploy.0 = Release|Any CPU
		{B442CCD1-BB50-4FA3-B383-444E18C0AC34}.Release|x64.ActiveCfg = Release|Any CPU
		{B442CCD1-BB50-4FA3-B383-444E18C0AC34}.Release|x64.Build.0 = Release|Any CPU
		{B442CCD1-BB50-4FA3-B383-444E18C0AC34}.Release|x64.Deploy.0 = Release|Any CPU
		{B442CCD1-BB50-4FA3-B383-444E18C0AC34}.Release|x86.ActiveCfg = Release|Any CPU
		{B442CCD1-BB50-4FA3-B383-444E18C0AC34}.Release|x86.Build.0 = Release|Any CPU
		{B442CCD1-BB50-4FA3-B383-444E18C0AC34}.Release|x86.Deploy.0 = Release|Any CPU
		{6E4A24E7-AFE9-46F9-88CC-F5B0E18914C5}.Ad-Hoc|Any CPU.ActiveCfg = Ad-Hoc|iPhone
		{6E4A24E7-AFE9-46F9-88CC-F5B0E18914C5}.Ad-Hoc|ARM.ActiveCfg = Ad-Hoc|iPhone
		{6E4A24E7-AFE9-46F9-88CC-F5B0E18914C5}.Ad-Hoc|iPhone.ActiveCfg = Ad-Hoc|iPhone
		{6E4A24E7-AFE9-46F9-88CC-F5B0E18914C5}.Ad-Hoc|iPhone.Build.0 = Ad-Hoc|iPhone
		{6E4A24E7-AFE9-46F9-88CC-F5B0E18914C5}.Ad-Hoc|iPhoneSimulator.ActiveCfg = Ad-Hoc|iPhoneSimulator
		{6E4A24E7-AFE9-46F9-88CC-F5B0E18914C5}.Ad-Hoc|iPhoneSimulator.Build.0 = Ad-Hoc|iPhoneSimulator
		{6E4A24E7-AFE9-46F9-88CC-F5B0E18914C5}.Ad-Hoc|x64.ActiveCfg = Ad-Hoc|iPhone
		{6E4A24E7-AFE9-46F9-88CC-F5B0E18914C5}.Ad-Hoc|x86.ActiveCfg = Ad-Hoc|iPhone
		{6E4A24E7-AFE9-46F9-88CC-F5B0E18914C5}.AppStore|Any CPU.ActiveCfg = AppStore|iPhone
		{6E4A24E7-AFE9-46F9-88CC-F5B0E18914C5}.AppStore|ARM.ActiveCfg = AppStore|iPhone
		{6E4A24E7-AFE9-46F9-88CC-F5B0E18914C5}.AppStore|iPhone.ActiveCfg = AppStore|iPhone
		{6E4A24E7-AFE9-46F9-88CC-F5B0E18914C5}.AppStore|iPhone.Build.0 = AppStore|iPhone
		{6E4A24E7-AFE9-46F9-88CC-F5B0E18914C5}.AppStore|iPhoneSimulator.ActiveCfg = AppStore|iPhoneSimulator
		{6E4A24E7-AFE9-46F9-88CC-F5B0E18914C5}.AppStore|iPhoneSimulator.Build.0 = AppStore|iPhoneSimulator
		{6E4A24E7-AFE9-46F9-88CC-F5B0E18914C5}.AppStore|x64.ActiveCfg = AppStore|iPhone
		{6E4A24E7-AFE9-46F9-88CC-F5B0E18914C5}.AppStore|x86.ActiveCfg = AppStore|iPhone
		{6E4A24E7-AFE9-46F9-88CC-F5B0E18914C5}.Debug|Any CPU.ActiveCfg = Debug|iPhone
		{6E4A24E7-AFE9-46F9-88CC-F5B0E18914C5}.Debug|ARM.ActiveCfg = Debug|iPhone
		{6E4A24E7-AFE9-46F9-88CC-F5B0E18914C5}.Debug|iPhone.ActiveCfg = Debug|iPhone
		{6E4A24E7-AFE9-46F9-88CC-F5B0E18914C5}.Debug|iPhone.Build.0 = Debug|iPhone
		{6E4A24E7-AFE9-46F9-88CC-F5B0E18914C5}.Debug|iPhoneSimulator.ActiveCfg = Debug|iPhoneSimulator
		{6E4A24E7-AFE9-46F9-88CC-F5B0E18914C5}.Debug|iPhoneSimulator.Build.0 = Debug|iPhoneSimulator
		{6E4A24E7-AFE9-46F9-88CC-F5B0E18914C5}.Debug|x64.ActiveCfg = Debug|iPhone
		{6E4A24E7-AFE9-46F9-88CC-F5B0E18914C5}.Debug|x86.ActiveCfg = Debug|iPhone
		{6E4A24E7-AFE9-46F9-88CC-F5B0E18914C5}.Release|Any CPU.ActiveCfg = Release|iPhone
		{6E4A24E7-AFE9-46F9-88CC-F5B0E18914C5}.Release|ARM.ActiveCfg = Release|iPhone
		{6E4A24E7-AFE9-46F9-88CC-F5B0E18914C5}.Release|iPhone.ActiveCfg = Release|iPhone
		{6E4A24E7-AFE9-46F9-88CC-F5B0E18914C5}.Release|iPhone.Build.0 = Release|iPhone
		{6E4A24E7-AFE9-46F9-88CC-F5B0E18914C5}.Release|iPhoneSimulator.ActiveCfg = Release|iPhoneSimulator
		{6E4A24E7-AFE9-46F9-88CC-F5B0E18914C5}.Release|iPhoneSimulator.Build.0 = Release|iPhoneSimulator
		{6E4A24E7-AFE9-46F9-88CC-F5B0E18914C5}.Release|x64.ActiveCfg = Release|iPhone
		{6E4A24E7-AFE9-46F9-88CC-F5B0E18914C5}.Release|x86.ActiveCfg = Release|iPhone
		{6666A1AE-1618-4F19-AC34-697F9450F8B5}.Ad-Hoc|Any CPU.ActiveCfg = Release|x86
		{6666A1AE-1618-4F19-AC34-697F9450F8B5}.Ad-Hoc|Any CPU.Build.0 = Release|x86
		{6666A1AE-1618-4F19-AC34-697F9450F8B5}.Ad-Hoc|Any CPU.Deploy.0 = Release|x86
		{6666A1AE-1618-4F19-AC34-697F9450F8B5}.Ad-Hoc|ARM.ActiveCfg = Release|ARM
		{6666A1AE-1618-4F19-AC34-697F9450F8B5}.Ad-Hoc|ARM.Build.0 = Release|ARM
		{6666A1AE-1618-4F19-AC34-697F9450F8B5}.Ad-Hoc|ARM.Deploy.0 = Release|ARM
		{6666A1AE-1618-4F19-AC34-697F9450F8B5}.Ad-Hoc|iPhone.ActiveCfg = Release|x86
		{6666A1AE-1618-4F19-AC34-697F9450F8B5}.Ad-Hoc|iPhone.Build.0 = Release|x86
		{6666A1AE-1618-4F19-AC34-697F9450F8B5}.Ad-Hoc|iPhone.Deploy.0 = Release|x86
		{6666A1AE-1618-4F19-AC34-697F9450F8B5}.Ad-Hoc|iPhoneSimulator.ActiveCfg = Release|x86
		{6666A1AE-1618-4F19-AC34-697F9450F8B5}.Ad-Hoc|iPhoneSimulator.Build.0 = Release|x86
		{6666A1AE-1618-4F19-AC34-697F9450F8B5}.Ad-Hoc|iPhoneSimulator.Deploy.0 = Release|x86
		{6666A1AE-1618-4F19-AC34-697F9450F8B5}.Ad-Hoc|x64.ActiveCfg = Release|x64
		{6666A1AE-1618-4F19-AC34-697F9450F8B5}.Ad-Hoc|x64.Build.0 = Release|x64
		{6666A1AE-1618-4F19-AC34-697F9450F8B5}.Ad-Hoc|x64.Deploy.0 = Release|x64
		{6666A1AE-1618-4F19-AC34-697F9450F8B5}.Ad-Hoc|x86.ActiveCfg = Release|x86
		{6666A1AE-1618-4F19-AC34-697F9450F8B5}.Ad-Hoc|x86.Build.0 = Release|x86
		{6666A1AE-1618-4F19-AC34-697F9450F8B5}.Ad-Hoc|x86.Deploy.0 = Release|x86
		{6666A1AE-1618-4F19-AC34-697F9450F8B5}.AppStore|Any CPU.ActiveCfg = Release|x86
		{6666A1AE-1618-4F19-AC34-697F9450F8B5}.AppStore|Any CPU.Build.0 = Release|x86
		{6666A1AE-1618-4F19-AC34-697F9450F8B5}.AppStore|Any CPU.Deploy.0 = Release|x86
		{6666A1AE-1618-4F19-AC34-697F9450F8B5}.AppStore|ARM.ActiveCfg = Release|ARM
		{6666A1AE-1618-4F19-AC34-697F9450F8B5}.AppStore|ARM.Build.0 = Release|ARM
		{6666A1AE-1618-4F19-AC34-697F9450F8B5}.AppStore|ARM.Deploy.0 = Release|ARM
		{6666A1AE-1618-4F19-AC34-697F9450F8B5}.AppStore|iPhone.ActiveCfg = Release|x86
		{6666A1AE-1618-4F19-AC34-697F9450F8B5}.AppStore|iPhone.Build.0 = Release|x86
		{6666A1AE-1618-4F19-AC34-697F9450F8B5}.AppStore|iPhone.Deploy.0 = Release|x86
		{6666A1AE-1618-4F19-AC34-697F9450F8B5}.AppStore|iPhoneSimulator.ActiveCfg = Release|x86
		{6666A1AE-1618-4F19-AC34-697F9450F8B5}.AppStore|iPhoneSimulator.Build.0 = Release|x86
		{6666A1AE-1618-4F19-AC34-697F9450F8B5}.AppStore|iPhoneSimulator.Deploy.0 = Release|x86
		{6666A1AE-1618-4F19-AC34-697F9450F8B5}.AppStore|x64.ActiveCfg = Release|x64
		{6666A1AE-1618-4F19-AC34-697F9450F8B5}.AppStore|x64.Build.0 = Release|x64
		{6666A1AE-1618-4F19-AC34-697F9450F8B5}.AppStore|x64.Deploy.0 = Release|x64
		{6666A1AE-1618-4F19-AC34-697F9450F8B5}.AppStore|x86.ActiveCfg = Release|x86
		{6666A1AE-1618-4F19-AC34-697F9450F8B5}.AppStore|x86.Build.0 = Release|x86
		{6666A1AE-1618-4F19-AC34-697F9450F8B5}.AppStore|x86.Deploy.0 = Release|x86
		{6666A1AE-1618-4F19-AC34-697F9450F8B5}.Debug|Any CPU.ActiveCfg = Debug|x86
		{6666A1AE-1618-4F19-AC34-697F9450F8B5}.Debug|ARM.ActiveCfg = Debug|ARM
		{6666A1AE-1618-4F19-AC34-697F9450F8B5}.Debug|ARM.Build.0 = Debug|ARM
		{6666A1AE-1618-4F19-AC34-697F9450F8B5}.Debug|ARM.Deploy.0 = Debug|ARM
		{6666A1AE-1618-4F19-AC34-697F9450F8B5}.Debug|iPhone.ActiveCfg = Debug|x86
		{6666A1AE-1618-4F19-AC34-697F9450F8B5}.Debug|iPhoneSimulator.ActiveCfg = Debug|x86
		{6666A1AE-1618-4F19-AC34-697F9450F8B5}.Debug|x64.ActiveCfg = Debug|x64
		{6666A1AE-1618-4F19-AC34-697F9450F8B5}.Debug|x64.Build.0 = Debug|x64
		{6666A1AE-1618-4F19-AC34-697F9450F8B5}.Debug|x64.Deploy.0 = Debug|x64
		{6666A1AE-1618-4F19-AC34-697F9450F8B5}.Debug|x86.ActiveCfg = Debug|x86
		{6666A1AE-1618-4F19-AC34-697F9450F8B5}.Debug|x86.Build.0 = Debug|x86
		{6666A1AE-1618-4F19-AC34-697F9450F8B5}.Debug|x86.Deploy.0 = Debug|x86
		{6666A1AE-1618-4F19-AC34-697F9450F8B5}.Release|Any CPU.ActiveCfg = Release|x86
		{6666A1AE-1618-4F19-AC34-697F9450F8B5}.Release|ARM.ActiveCfg = Release|ARM
		{6666A1AE-1618-4F19-AC34-697F9450F8B5}.Release|ARM.Build.0 = Release|ARM
		{6666A1AE-1618-4F19-AC34-697F9450F8B5}.Release|ARM.Deploy.0 = Release|ARM
		{6666A1AE-1618-4F19-AC34-697F9450F8B5}.Release|iPhone.ActiveCfg = Release|x86
		{6666A1AE-1618-4F19-AC34-697F9450F8B5}.Release|iPhoneSimulator.ActiveCfg = Release|x86
		{6666A1AE-1618-4F19-AC34-697F9450F8B5}.Release|x64.ActiveCfg = Release|x64
		{6666A1AE-1618-4F19-AC34-697F9450F8B5}.Release|x64.Build.0 = Release|x64
		{6666A1AE-1618-4F19-AC34-697F9450F8B5}.Release|x64.Deploy.0 = Release|x64
		{6666A1AE-1618-4F19-AC34-697F9450F8B5}.Release|x86.ActiveCfg = Release|x86
		{6666A1AE-1618-4F19-AC34-697F9450F8B5}.Release|x86.Build.0 = Release|x86
		{6666A1AE-1618-4F19-AC34-697F9450F8B5}.Release|x86.Deploy.0 = Release|x86
	EndGlobalSection
	GlobalSection(SolutionProperties) = preSolution
		HideSolutionNode = FALSE
	EndGlobalSection
EndGlobal
